
Microsoft Visual Studio Solution File, Format Version 12.00
# Visual Studio 15
VisualStudioVersion = 15.0.26730.3
MinimumVisualStudioVersion = 10.0.40219.1
Project("{9A19103F-16F7-4668-BE54-9A1E7A4F7556}") = "JuCheap.Core.Infrastructure", "JuCheap.Core.Infrastructure\JuCheap.Core.Infrastructure.csproj", "{BACBEFBA-3B64-478F-A32A-3DC80882DE21}"
EndProject
Project("{9A19103F-16F7-4668-BE54-9A1E7A4F7556}") = "JuCheap.Core.Web", "JuCheap.Core.Web\JuCheap.Core.Web.csproj", "{9E3A3639-A06C-427A-BB13-0544E65C6220}"
EndProject
Project("{2150E333-8FDC-42A3-9474-1A3956D46DE8}") = "01_Infrastructure", "01_Infrastructure", "{B3A77920-696A-4A78-B5D1-78C7F19390FC}"
EndProject
Project("{2150E333-8FDC-42A3-9474-1A3956D46DE8}") = "02_Data", "02_Data", "{22014277-5848-4732-BFB3-E276091B1DC4}"
EndProject
Project("{2150E333-8FDC-42A3-9474-1A3956D46DE8}") = "03_Service", "03_Service", "{480B1A98-305A-43A0-B988-8A7B83724627}"
EndProject
Project("{2150E333-8FDC-42A3-9474-1A3956D46DE8}") = "04_Web", "04_Web", "{273C1103-6704-48CC-A8C5-1B1F109BEC76}"
EndProject
Project("{FAE04EC0-301F-11D3-BF4B-00C04F79EFBC}") = "JuCheap.Core.Data", "JuCheap.Core.Data\JuCheap.Core.Data.csproj", "{96E50492-A107-44D3-A089-176C9C86355C}"
EndProject
Project("{FAE04EC0-301F-11D3-BF4B-00C04F79EFBC}") = "JuCheap.Core.Interfaces", "JuCheap.Core.Interfaces\JuCheap.Core.Interfaces.csproj", "{F1E74E1D-D156-4B0A-8565-0EB2DBACCC71}"
EndProject
Project("{FAE04EC0-301F-11D3-BF4B-00C04F79EFBC}") = "JuCheap.Core.Models", "JuCheap.Core.Models\JuCheap.Core.Models.csproj", "{89E9B51B-4666-49EB-8D3D-2BD4D4DFC7B4}"
EndProject
Project("{FAE04EC0-301F-11D3-BF4B-00C04F79EFBC}") = "JuCheap.Core.Services", "JuCheap.Core.Services\JuCheap.Core.Services.csproj", "{D1412AA5-4A0F-42EC-AD1F-43D3B65E1B1B}"
EndProject
Global
	GlobalSection(SolutionConfigurationPlatforms) = preSolution
		Debug|Any CPU = Debug|Any CPU
		Release|Any CPU = Release|Any CPU
	EndGlobalSection
	GlobalSection(ProjectConfigurationPlatforms) = postSolution
		{BACBEFBA-3B64-478F-A32A-3DC80882DE21}.Debug|Any CPU.ActiveCfg = Debug|Any CPU
		{BACBEFBA-3B64-478F-A32A-3DC80882DE21}.Debug|Any CPU.Build.0 = Debug|Any CPU
		{BACBEFBA-3B64-478F-A32A-3DC80882DE21}.Release|Any CPU.ActiveCfg = Release|Any CPU
		{BACBEFBA-3B64-478F-A32A-3DC80882DE21}.Release|Any CPU.Build.0 = Release|Any CPU
		{9E3A3639-A06C-427A-BB13-0544E65C6220}.Debug|Any CPU.ActiveCfg = Debug|Any CPU
		{9E3A3639-A06C-427A-BB13-0544E65C6220}.Debug|Any CPU.Build.0 = Debug|Any CPU
		{9E3A3639-A06C-427A-BB13-0544E65C6220}.Release|Any CPU.ActiveCfg = Release|Any CPU
		{9E3A3639-A06C-427A-BB13-0544E65C6220}.Release|Any CPU.Build.0 = Release|Any CPU
		{96E50492-A107-44D3-A089-176C9C86355C}.Debug|Any CPU.ActiveCfg = Debug|Any CPU
		{96E50492-A107-44D3-A089-176C9C86355C}.Debug|Any CPU.Build.0 = Debug|Any CPU
		{96E50492-A107-44D3-A089-176C9C86355C}.Release|Any CPU.ActiveCfg = Release|Any CPU
		{96E50492-A107-44D3-A089-176C9C86355C}.Release|Any CPU.Build.0 = Release|Any CPU
		{F1E74E1D-D156-4B0A-8565-0EB2DBACCC71}.Debug|Any CPU.ActiveCfg = Debug|Any CPU
		{F1E74E1D-D156-4B0A-8565-0EB2DBACCC71}.Debug|Any CPU.Build.0 = Debug|Any CPU
		{F1E74E1D-D156-4B0A-8565-0EB2DBACCC71}.Release|Any CPU.ActiveCfg = Release|Any CPU
		{F1E74E1D-D156-4B0A-8565-0EB2DBACCC71}.Release|Any CPU.Build.0 = Release|Any CPU
		{89E9B51B-4666-49EB-8D3D-2BD4D4DFC7B4}.Debug|Any CPU.ActiveCfg = Debug|Any CPU
		{89E9B51B-4666-49EB-8D3D-2BD4D4DFC7B4}.Debug|Any CPU.Build.0 = Debug|Any CPU
		{89E9B51B-4666-49EB-8D3D-2BD4D4DFC7B4}.Release|Any CPU.ActiveCfg = Release|Any CPU
		{89E9B51B-4666-49EB-8D3D-2BD4D4DFC7B4}.Release|Any CPU.Build.0 = Release|Any CPU
		{D1412AA5-4A0F-42EC-AD1F-43D3B65E1B1B}.Debug|Any CPU.ActiveCfg = Debug|Any CPU
		{D1412AA5-4A0F-42EC-AD1F-43D3B65E1B1B}.Debug|Any CPU.Build.0 = Debug|Any CPU
		{D1412AA5-4A0F-42EC-AD1F-43D3B65E1B1B}.Release|Any CPU.ActiveCfg = Release|Any CPU
		{D1412AA5-4A0F-42EC-AD1F-43D3B65E1B1B}.Release|Any CPU.Build.0 = Release|Any CPU
	EndGlobalSection
	GlobalSection(SolutionProperties) = preSolution
		HideSolutionNode = FALSE
	EndGlobalSection
	GlobalSection(NestedProjects) = preSolution
		{BACBEFBA-3B64-478F-A32A-3DC80882DE21} = {B3A77920-696A-4A78-B5D1-78C7F19390FC}
		{9E3A3639-A06C-427A-BB13-0544E65C6220} = {273C1103-6704-48CC-A8C5-1B1F109BEC76}
		{96E50492-A107-44D3-A089-176C9C86355C} = {22014277-5848-4732-BFB3-E276091B1DC4}
		{F1E74E1D-D156-4B0A-8565-0EB2DBACCC71} = {480B1A98-305A-43A0-B988-8A7B83724627}
		{89E9B51B-4666-49EB-8D3D-2BD4D4DFC7B4} = {480B1A98-305A-43A0-B988-8A7B83724627}
		{D1412AA5-4A0F-42EC-AD1F-43D3B65E1B1B} = {480B1A98-305A-43A0-B988-8A7B83724627}
	EndGlobalSection
	GlobalSection(ExtensibilityGlobals) = postSolution
		SolutionGuid = {F8A11720-C691-42D2-B327-53E64C519166}
	EndGlobalSection
EndGlobal
